
Microsoft Visual Studio Solution File, Format Version 11.00
# Visual Studio 2010
Project("{8BC9CEB8-8B4A-11D0-8D11-00A0C91BC942}") = "ChangeLayoutRuntime_Demo", "ChangeLayoutRuntime_Demo\ChangeLayoutRuntime_Demo.vcxproj", "{840B47F6-1907-4A85-8352-7BCC09648BA4}"
EndProject
Project("{8BC9CEB8-8B4A-11D0-8D11-00A0C91BC942}") = "DuiLib", "..\..\..\..\..\workspace_any\安宁邮信平台\Source\Librarys\DuiLib\DuiLib.vcxproj", "{E106ACD7-4E53-4AEE-942B-D0DD426DB34E}"
EndProject
Global
	GlobalSection(SolutionConfigurationPlatforms) = preSolution
		Debug|Win32 = Debug|Win32
		Release|Win32 = Release|Win32
		Release……4|Win32 = Release……4|Win32
		Release64|Win32 = Release64|Win32
		UnicodeDebug|Win32 = UnicodeDebug|Win32
		UnicodeRelease|Win32 = UnicodeRelease|Win32
	EndGlobalSection
	GlobalSection(ProjectConfigurationPlatforms) = postSolution
		{840B47F6-1907-4A85-8352-7BCC09648BA4}.Debug|Win32.ActiveCfg = Debug|Win32
		{840B47F6-1907-4A85-8352-7BCC09648BA4}.Debug|Win32.Build.0 = Debug|Win32
		{840B47F6-1907-4A85-8352-7BCC09648BA4}.Release|Win32.ActiveCfg = Release|Win32
		{840B47F6-1907-4A85-8352-7BCC09648BA4}.Release|Win32.Build.0 = Release|Win32
		{840B47F6-1907-4A85-8352-7BCC09648BA4}.Release……4|Win32.ActiveCfg = Release|Win32
		{840B47F6-1907-4A85-8352-7BCC09648BA4}.Release……4|Win32.Build.0 = Release|Win32
		{840B47F6-1907-4A85-8352-7BCC09648BA4}.Release64|Win32.ActiveCfg = Release|Win32
		{840B47F6-1907-4A85-8352-7BCC09648BA4}.Release64|Win32.Build.0 = Release|Win32
		{840B47F6-1907-4A85-8352-7BCC09648BA4}.UnicodeDebug|Win32.ActiveCfg = Debug|Win32
		{840B47F6-1907-4A85-8352-7BCC09648BA4}.UnicodeDebug|Win32.Build.0 = Debug|Win32
		{840B47F6-1907-4A85-8352-7BCC09648BA4}.UnicodeRelease|Win32.ActiveCfg = Release|Win32
		{840B47F6-1907-4A85-8352-7BCC09648BA4}.UnicodeRelease|Win32.Build.0 = Release|Win32
		{E106ACD7-4E53-4AEE-942B-D0DD426DB34E}.Debug|Win32.ActiveCfg = Debug|Win32
		{E106ACD7-4E53-4AEE-942B-D0DD426DB34E}.Debug|Win32.Build.0 = Debug|Win32
		{E106ACD7-4E53-4AEE-942B-D0DD426DB34E}.Release|Win32.ActiveCfg = Release|Win32
		{E106ACD7-4E53-4AEE-942B-D0DD426DB34E}.Release|Win32.Build.0 = Release|Win32
		{E106ACD7-4E53-4AEE-942B-D0DD426DB34E}.Release……4|Win32.ActiveCfg = Release……4|Win32
		{E106ACD7-4E53-4AEE-942B-D0DD426DB34E}.Release……4|Win32.Build.0 = Release……4|Win32
		{E106ACD7-4E53-4AEE-942B-D0DD426DB34E}.Release64|Win32.ActiveCfg = Release64|Win32
		{E106ACD7-4E53-4AEE-942B-D0DD426DB34E}.Release64|Win32.Build.0 = Release64|Win32
		{E106ACD7-4E53-4AEE-942B-D0DD426DB34E}.UnicodeDebug|Win32.ActiveCfg = UnicodeDebug|Win32
		{E106ACD7-4E53-4AEE-942B-D0DD426DB34E}.UnicodeDebug|Win32.Build.0 = UnicodeDebug|Win32
		{E106ACD7-4E53-4AEE-942B-D0DD426DB34E}.UnicodeRelease|Win32.ActiveCfg = UnicodeRelease|Win32
		{E106ACD7-4E53-4AEE-942B-D0DD426DB34E}.UnicodeRelease|Win32.Build.0 = UnicodeRelease|Win32
	EndGlobalSection
	GlobalSection(SolutionProperties) = preSolution
		HideSolutionNode = FALSE
	EndGlobalSection
EndGlobal
